
Microsoft Visual Studio Solution File, Format Version 12.00
# Visual Studio Version 17
VisualStudioVersion = 17.6.33829.357
MinimumVisualStudioVersion = 10.0.40219.1
Project("{FAE04EC0-301F-11D3-BF4B-00C04F79EFBC}") = "WebApi", "WebApi.csproj", "{22336997-F716-4445-8FE9-A1A05E9443B2}"
EndProject
Global
	GlobalSection(SolutionConfigurationPlatforms) = preSolution
		Debug|Any CPU = Debug|Any CPU
		Release|Any CPU = Release|Any CPU
	EndGlobalSection
	GlobalSection(ProjectConfigurationPlatforms) = postSolution
		{22336997-F716-4445-8FE9-A1A05E9443B2}.Debug|Any CPU.ActiveCfg = Debug|Any CPU
		{22336997-F716-4445-8FE9-A1A05E9443B2}.Debug|Any CPU.Build.0 = Debug|Any CPU
		{22336997-F716-4445-8FE9-A1A05E9443B2}.Release|Any CPU.ActiveCfg = Release|Any CPU
		{22336997-F716-4445-8FE9-A1A05E9443B2}.Release|Any CPU.Build.0 = Release|Any CPU
	EndGlobalSection
	GlobalSection(SolutionProperties) = preSolution
		HideSolutionNode = FALSE
	EndGlobalSection
	GlobalSection(ExtensibilityGlobals) = postSolution
		SolutionGuid = {4681BC49-94ED-4BC7-AD2B-3C7B9F2BE7D2}
	EndGlobalSection
EndGlobal
