
Microsoft Visual Studio Solution File, Format Version 12.00
# Visual Studio Version 17
VisualStudioVersion = 17.5.33502.453
MinimumVisualStudioVersion = 10.0.40219.1
Project("{FAE04EC0-301F-11D3-BF4B-00C04F79EFBC}") = "prjLesson", "prjLesson.csproj", "{C2CF68E5-EDEC-4367-95E7-AF0D405CA4CA}"
EndProject
Global
	GlobalSection(SolutionConfigurationPlatforms) = preSolution
		Debug|Any CPU = Debug|Any CPU
		Release|Any CPU = Release|Any CPU
	EndGlobalSection
	GlobalSection(ProjectConfigurationPlatforms) = postSolution
		{C2CF68E5-EDEC-4367-95E7-AF0D405CA4CA}.Debug|Any CPU.ActiveCfg = Debug|Any CPU
		{C2CF68E5-EDEC-4367-95E7-AF0D405CA4CA}.Debug|Any CPU.Build.0 = Debug|Any CPU
		{C2CF68E5-EDEC-4367-95E7-AF0D405CA4CA}.Release|Any CPU.ActiveCfg = Release|Any CPU
		{C2CF68E5-EDEC-4367-95E7-AF0D405CA4CA}.Release|Any CPU.Build.0 = Release|Any CPU
	EndGlobalSection
	GlobalSection(SolutionProperties) = preSolution
		HideSolutionNode = FALSE
	EndGlobalSection
	GlobalSection(ExtensibilityGlobals) = postSolution
		SolutionGuid = {6A367DE4-FC1E-4332-8273-C6A67307781B}
	EndGlobalSection
EndGlobal
